PODS:
  - Alamofire (4.5.1)
  - CocoaLumberjack/Default (3.3.0)
  - CocoaLumberjack/Swift (3.3.0):
    - CocoaLumberjack/Default

DEPENDENCIES:
  - Alamofire (~> 4.5)
  - CocoaLumberjack/Swift

SPEC CHECKSUMS:
  Alamofire: 2d95912bf4c34f164fdfc335872e8c312acaea4a
  CocoaLumberjack: 3c8c74683302f9012bb168e1c4b7ae3c0b558431

PODFILE CHECKSUM: 9486e36f7a6de225436786d009194b6f18526677

COCOAPODS: 1.2.1
